// !$*UTF8*$!
{
	archiveVersion = 1;
	classes = {
	};
	objectVersion = 46;
	objects = {

/* Begin PBXBuildFile section */
		D9457A971418C65A008D59B9 /* MainWindowController-PSClientDelegate.m in Sources */ = {isa = PBXBuildFile; fileRef = D9457A961418C65A008D59B9 /* MainWindowController-PSClientDelegate.m */; };
		D9457A9A1418CC72008D59B9 /* AllSourceListItem.m in Sources */ = {isa = PBXBuildFile; fileRef = D9457A991418CC72008D59B9 /* AllSourceListItem.m */; };
		D9457A9D1418DCBD008D59B9 /* Entry.m in Sources */ = {isa = PBXBuildFile; fileRef = D9457A9C1418DCBD008D59B9 /* Entry.m */; };
		D95547AD141DEAE600623802 /* AMButtonBar.m in Sources */ = {isa = PBXBuildFile; fileRef = D955479C141DEAE600623802 /* AMButtonBar.m */; };
		D95547AE141DEAE600623802 /* AMButtonBarCell.m in Sources */ = {isa = PBXBuildFile; fileRef = D955479E141DEAE600623802 /* AMButtonBarCell.m */; };
		D95547AF141DEAE600623802 /* AMButtonBarItem.m in Sources */ = {isa = PBXBuildFile; fileRef = D95547A0141DEAE600623802 /* AMButtonBarItem.m */; };
		D95547B1141DEAE600623802 /* NSBezierPath_AMAdditons.m in Sources */ = {isa = PBXBuildFile; fileRef = D95547A3141DEAE600623802 /* NSBezierPath_AMAdditons.m */; };
		D95547B2141DEAE600623802 /* NSColor_AMAdditions.m in Sources */ = {isa = PBXBuildFile; fileRef = D95547A5141DEAE600623802 /* NSColor_AMAdditions.m */; };
		D95547B3141DEAE600623802 /* NSFont_AMFixes.m in Sources */ = {isa = PBXBuildFile; fileRef = D95547A7141DEAE600623802 /* NSFont_AMFixes.m */; };
		D95547B4141DEAE600623802 /* NSGradient_AMButtonBar.m in Sources */ = {isa = PBXBuildFile; fileRef = D95547A9141DEAE600623802 /* NSGradient_AMButtonBar.m */; };
		D95547B5141DEAE600623802 /* NSShadow_AMAdditions.m in Sources */ = {isa = PBXBuildFile; fileRef = D95547AB141DEAE600623802 /* NSShadow_AMAdditions.m */; };
		D95547BB141DEE4100623802 /* MainWindowController-AMButtonBarDelegate.m in Sources */ = {isa = PBXBuildFile; fileRef = D95547BA141DEE4100623802 /* MainWindowController-AMButtonBarDelegate.m */; };
		D95547BD141DF9FB00623802 /* star-enabled.png in Resources */ = {isa = PBXBuildFile; fileRef = D95547BC141DF9FB00623802 /* star-enabled.png */; };
		D95547C0141E022C00623802 /* StarredSourceListItem.m in Sources */ = {isa = PBXBuildFile; fileRef = D95547BF141E022B00623802 /* StarredSourceListItem.m */; };
		D95547C3141E337E00623802 /* NSImage+Extensions.m in Sources */ = {isa = PBXBuildFile; fileRef = D95547C2141E337500623802 /* NSImage+Extensions.m */; };
		D9837385141745A200321CA9 /* PubSub.framework in Frameworks */ = {isa = PBXBuildFile; fileRef = D9837384141745A200321CA9 /* PubSub.framework */; };
		D983738A14174DEC00321CA9 /* FeedController.m in Sources */ = {isa = PBXBuildFile; fileRef = D983738914174DEC00321CA9 /* FeedController.m */; };
		D983738E1417519500321CA9 /* StuffSourceListItem.m in Sources */ = {isa = PBXBuildFile; fileRef = D983738D1417519500321CA9 /* StuffSourceListItem.m */; };
		D98373911417567100321CA9 /* FeedsSourceListItem.m in Sources */ = {isa = PBXBuildFile; fileRef = D98373901417567100321CA9 /* FeedsSourceListItem.m */; };
		D98373941417578600321CA9 /* FeedSourceListItem.m in Sources */ = {isa = PBXBuildFile; fileRef = D98373931417578600321CA9 /* FeedSourceListItem.m */; };
		D983739A14178D3700321CA9 /* MainWindowController-NSTableViewDelegate.m in Sources */ = {isa = PBXBuildFile; fileRef = D983739914178D3600321CA9 /* MainWindowController-NSTableViewDelegate.m */; };
		D983739D14178F1300321CA9 /* NSArray+Extensions.m in Sources */ = {isa = PBXBuildFile; fileRef = D983739C14178F1200321CA9 /* NSArray+Extensions.m */; };
		D983739F1417A4ED00321CA9 /* feed-default.png in Resources */ = {isa = PBXBuildFile; fileRef = D983739E1417A4ED00321CA9 /* feed-default.png */; };
		D985123B1420E1630040103D /* Growl.framework in Frameworks */ = {isa = PBXBuildFile; fileRef = D985123A1420E1630040103D /* Growl.framework */; };
		D985123C1420E1850040103D /* Growl.framework in Copy Frameworks */ = {isa = PBXBuildFile; fileRef = D985123A1420E1630040103D /* Growl.framework */; };
		D985123F1420E19F0040103D /* NotifyController.m in Sources */ = {isa = PBXBuildFile; fileRef = D985123E1420E19F0040103D /* NotifyController.m */; };
		D98512481420E8F80040103D /* Localizable.strings in Resources */ = {isa = PBXBuildFile; fileRef = D985124A1420E8F80040103D /* Localizable.strings */; };
		D98512501420EA3B0040103D /* article.html in Resources */ = {isa = PBXBuildFile; fileRef = D98512511420EA3B0040103D /* article.html */; };
		D98CE77514235EE4007DEABE /* NSAlert+Extensions.m in Sources */ = {isa = PBXBuildFile; fileRef = D98CE77414235EE4007DEABE /* NSAlert+Extensions.m */; };
		D99537EE141F68AB00E2477E /* TagsSourceListItem.m in Sources */ = {isa = PBXBuildFile; fileRef = D99537ED141F68AB00E2477E /* TagsSourceListItem.m */; };
		D99537F2141F71A700E2477E /* EntrySettingsWindowController.m in Sources */ = {isa = PBXBuildFile; fileRef = D99537F1141F71A700E2477E /* EntrySettingsWindowController.m */; };
		D99537F5141F71C100E2477E /* EntrySettingsWindow.xib in Resources */ = {isa = PBXBuildFile; fileRef = D99537F3141F71C100E2477E /* EntrySettingsWindow.xib */; };
		D99537F8141F764D00E2477E /* EntryTableView.m in Sources */ = {isa = PBXBuildFile; fileRef = D99537F7141F764C00E2477E /* EntryTableView.m */; };
		D995381A141F88AA00E2477E /* MainWindowController-NSSplitViewDelegate.m in Sources */ = {isa = PBXBuildFile; fileRef = D9953819141F88AA00E2477E /* MainWindowController-NSSplitViewDelegate.m */; };
		D99BE4A7140FACEB0016120F /* WebKit.framework in Frameworks */ = {isa = PBXBuildFile; fileRef = D99BE4A6140FACEB0016120F /* WebKit.framework */; };
		D99BE4AD140FB1E40016120F /* PXSourceList.m in Sources */ = {isa = PBXBuildFile; fileRef = D99BE4AA140FB1E40016120F /* PXSourceList.m */; };
		D99BE4B0140FB21E0016120F /* SourceListItem.m in Sources */ = {isa = PBXBuildFile; fileRef = D99BE4AF140FB21E0016120F /* SourceListItem.m */; };
		D99BE4B7140FB3C10016120F /* MainWindowController-PXSourceListDataSource.m in Sources */ = {isa = PBXBuildFile; fileRef = D99BE4B5140FB3C10016120F /* MainWindowController-PXSourceListDataSource.m */; };
		D99BE4B8140FB3C10016120F /* MainWindowController-PXSourceListDelegate.m in Sources */ = {isa = PBXBuildFile; fileRef = D99BE4B6140FB3C10016120F /* MainWindowController-PXSourceListDelegate.m */; };
		D99BE4BB140FB6570016120F /* SheetWindowController.m in Sources */ = {isa = PBXBuildFile; fileRef = D99BE4BA140FB6560016120F /* SheetWindowController.m */; };
		D99BE4BF140FB7C00016120F /* GoogleReader.m in Sources */ = {isa = PBXBuildFile; fileRef = D99BE4BE140FB7C00016120F /* GoogleReader.m */; };
		D99BE4C2140FBB330016120F /* note.png in Resources */ = {isa = PBXBuildFile; fileRef = D99BE4C1140FBB330016120F /* note.png */; };
		D99BE4C4140FBB9A0016120F /* star.png in Resources */ = {isa = PBXBuildFile; fileRef = D99BE4C3140FBB9A0016120F /* star.png */; };
		D99BE4C6140FBBE80016120F /* rss.png in Resources */ = {isa = PBXBuildFile; fileRef = D99BE4C5140FBBE70016120F /* rss.png */; };
		D99BE4CE140FBF080016120F /* LoginWindowController.m in Sources */ = {isa = PBXBuildFile; fileRef = D99BE4CD140FBF080016120F /* LoginWindowController.m */; };
		D99BE4D1140FC1910016120F /* LoginWindow.xib in Resources */ = {isa = PBXBuildFile; fileRef = D99BE4CF140FC1910016120F /* LoginWindow.xib */; };
		D99BE4D4140FCFA70016120F /* Storage.m in Sources */ = {isa = PBXBuildFile; fileRef = D99BE4D3140FCFA70016120F /* Storage.m */; };
		D99C5E6D1427617B00E53074 /* rss-preferences.png in Resources */ = {isa = PBXBuildFile; fileRef = D99C5E6C1427617B00E53074 /* rss-preferences.png */; };
		D9A9FA32141A030D0096951F /* SubscribeWindowController.m in Sources */ = {isa = PBXBuildFile; fileRef = D9A9FA31141A030D0096951F /* SubscribeWindowController.m */; };
		D9A9FA35141A032E0096951F /* SubscribeWindow.xib in Resources */ = {isa = PBXBuildFile; fileRef = D9A9FA33141A032E0096951F /* SubscribeWindow.xib */; };
		D9B191E91420803500B84B89 /* OPMLParser.m in Sources */ = {isa = PBXBuildFile; fileRef = D9B191E81420803500B84B89 /* OPMLParser.m */; };
		D9C03CC4140E6E4700B828EB /* Cocoa.framework in Frameworks */ = {isa = PBXBuildFile; fileRef = D9C03CC3140E6E4700B828EB /* Cocoa.framework */; };
		D9C03CCE140E6E4700B828EB /* InfoPlist.strings in Resources */ = {isa = PBXBuildFile; fileRef = D9C03CCC140E6E4700B828EB /* InfoPlist.strings */; };
		D9C03CD0140E6E4700B828EB /* main.m in Sources */ = {isa = PBXBuildFile; fileRef = D9C03CCF140E6E4700B828EB /* main.m */; };
		D9C03CD4140E6E4700B828EB /* Credits.rtf in Resources */ = {isa = PBXBuildFile; fileRef = D9C03CD2140E6E4700B828EB /* Credits.rtf */; };
		D9C03CD7140E6E4700B828EB /* AppDelegate.m in Sources */ = {isa = PBXBuildFile; fileRef = D9C03CD6140E6E4700B828EB /* AppDelegate.m */; };
		D9C03CDA140E6E4700B828EB /* MainMenu.xib in Resources */ = {isa = PBXBuildFile; fileRef = D9C03CD8140E6E4700B828EB /* MainMenu.xib */; };
		D9C03CDD140E6E4700B828EB /* FeedWizard.xcdatamodeld in Sources */ = {isa = PBXBuildFile; fileRef = D9C03CDB140E6E4700B828EB /* FeedWizard.xcdatamodeld */; };
		D9C03CEA140E71C700B828EB /* MainWindowController.m in Sources */ = {isa = PBXBuildFile; fileRef = D9C03CE9140E71C700B828EB /* MainWindowController.m */; };
		D9C03CED140E729C00B828EB /* MainWindow.xib in Resources */ = {isa = PBXBuildFile; fileRef = D9C03CEB140E729C00B828EB /* MainWindow.xib */; };
		D9C5E452141F427E007A38B3 /* fw.icns in Resources */ = {isa = PBXBuildFile; fileRef = D9C5E451141F427E007A38B3 /* fw.icns */; };
		D9C5E455141F4665007A38B3 /* FeedSettingsWindowController.m in Sources */ = {isa = PBXBuildFile; fileRef = D9C5E454141F4665007A38B3 /* FeedSettingsWindowController.m */; };
		D9C5E458141F467B007A38B3 /* FeedSettingsWindow.xib in Resources */ = {isa = PBXBuildFile; fileRef = D9C5E456141F467B007A38B3 /* FeedSettingsWindow.xib */; };
		D9CF2B64141F576B0014B36A /* atom-feed.png in Resources */ = {isa = PBXBuildFile; fileRef = D9CF2B63141F576B0014B36A /* atom-feed.png */; };
		D9CF2B66141F57760014B36A /* rss-feed.png in Resources */ = {isa = PBXBuildFile; fileRef = D9CF2B65141F57760014B36A /* rss-feed.png */; };
		D9CF60A1142387120011419E /* PreferencesWindowController.m in Sources */ = {isa = PBXBuildFile; fileRef = D9CF60A0142387120011419E /* PreferencesWindowController.m */; };
		D9CF60A4142387350011419E /* PreferencesWindow.xib in Resources */ = {isa = PBXBuildFile; fileRef = D9CF60A2142387350011419E /* PreferencesWindow.xib */; };
/* End PBXBuildFile section */

/* Begin PBXContainerItemProxy section */
		D9457AE61418F6ED008D59B9 /* PBXContainerItemProxy */ = {
			isa = PBXContainerItemProxy;
			containerPortal = D9457ADD1418F6EC008D59B9 /* OAuthConsumer.xcodeproj */;
			proxyType = 2;
			remoteGlobalIDString = 8DC2EF5B0486A6940098B216;
			remoteInfo = OAuthConsumer;
		};
		D9457AE81418F6ED008D59B9 /* PBXContainerItemProxy */ = {
			isa = PBXContainerItemProxy;
			containerPortal = D9457ADD1418F6EC008D59B9 /* OAuthConsumer.xcodeproj */;
			proxyType = 2;
			remoteGlobalIDString = FCAAF0750CC95C5E00C52F82;
			remoteInfo = OAuthConsumerTestSuite;
		};
/* End PBXContainerItemProxy section */

/* Begin PBXCopyFilesBuildPhase section */
		D9457AED1418F7F9008D59B9 /* Copy Frameworks */ = {
			isa = PBXCopyFilesBuildPhase;
			buildActionMask = 2147483647;
			dstPath = "";
			dstSubfolderSpec = 10;
			files = (
				D985123C1420E1850040103D /* Growl.framework in Copy Frameworks */,
			);
			name = "Copy Frameworks";
			runOnlyForDeploymentPostprocessing = 0;
		};
/* End PBXCopyFilesBuildPhase section */

/* Begin PBXFileReference section */
		D9267C571429F15A004CC2E6 /* uk */ = {isa = PBXFileReference; lastKnownFileType = file.xib; name = uk; path = uk.lproj/PreferencesWindow.xib; sourceTree = "<group>"; };
		D9457A961418C65A008D59B9 /* MainWindowController-PSClientDelegate.m */ = {isa = PBXFileReference; fileEncoding = 4; lastKnownFileType = sourcecode.c.objc; path = "MainWindowController-PSClientDelegate.m"; sourceTree = "<group>"; };
		D9457A981418CC72008D59B9 /* AllSourceListItem.h */ = {isa = PBXFileReference; fileEncoding = 4; lastKnownFileType = sourcecode.c.h; name = AllSourceListItem.h; path = FeedWizard/AllSourceListItem.h; sourceTree = SOURCE_ROOT; };
		D9457A991418CC72008D59B9 /* AllSourceListItem.m */ = {isa = PBXFileReference; fileEncoding = 4; lastKnownFileType = sourcecode.c.objc; name = AllSourceListItem.m; path = FeedWizard/AllSourceListItem.m; sourceTree = SOURCE_ROOT; };
		D9457A9B1418DCBC008D59B9 /* Entry.h */ = {isa = PBXFileReference; fileEncoding = 4; lastKnownFileType = sourcecode.c.h; name = Entry.h; path = FeedWizard/Entry.h; sourceTree = SOURCE_ROOT; };
		D9457A9C1418DCBD008D59B9 /* Entry.m */ = {isa = PBXFileReference; fileEncoding = 4; lastKnownFileType = sourcecode.c.objc; name = Entry.m; path = FeedWizard/Entry.m; sourceTree = SOURCE_ROOT; };
		D9457ADD1418F6EC008D59B9 /* OAuthConsumer.xcodeproj */ = {isa = PBXFileReference; lastKnownFileType = "wrapper.pb-project"; name = OAuthConsumer.xcodeproj; path = ../OAuthConsumer/OAuthConsumer.xcodeproj; sourceTree = "<group>"; };
		D955479B141DEAE600623802 /* AMButtonBar.h */ = {isa = PBXFileReference; fileEncoding = 4; lastKnownFileType = sourcecode.c.h; path = AMButtonBar.h; sourceTree = "<group>"; };
		D955479C141DEAE600623802 /* AMButtonBar.m */ = {isa = PBXFileReference; fileEncoding = 4; lastKnownFileType = sourcecode.c.objc; path = AMButtonBar.m; sourceTree = "<group>"; };
		D955479D141DEAE600623802 /* AMButtonBarCell.h */ = {isa = PBXFileReference; fileEncoding = 4; lastKnownFileType = sourcecode.c.h; path = AMButtonBarCell.h; sourceTree = "<group>"; };
		D955479E141DEAE600623802 /* AMButtonBarCell.m */ = {isa = PBXFileReference; fileEncoding = 4; lastKnownFileType = sourcecode.c.objc; path = AMButtonBarCell.m; sourceTree = "<group>"; };
		D955479F141DEAE600623802 /* AMButtonBarItem.h */ = {isa = PBXFileReference; fileEncoding = 4; lastKnownFileType = sourcecode.c.h; path = AMButtonBarItem.h; sourceTree = "<group>"; };
		D95547A0141DEAE600623802 /* AMButtonBarItem.m */ = {isa = PBXFileReference; fileEncoding = 4; lastKnownFileType = sourcecode.c.objc; path = AMButtonBarItem.m; sourceTree = "<group>"; };
		D95547A2141DEAE600623802 /* NSBezierPath_AMAdditons.h */ = {isa = PBXFileReference; fileEncoding = 4; lastKnownFileType = sourcecode.c.h; path = NSBezierPath_AMAdditons.h; sourceTree = "<group>"; };
		D95547A3141DEAE600623802 /* NSBezierPath_AMAdditons.m */ = {isa = PBXFileReference; fileEncoding = 4; lastKnownFileType = sourcecode.c.objc; path = NSBezierPath_AMAdditons.m; sourceTree = "<group>"; };
		D95547A4141DEAE600623802 /* NSColor_AMAdditions.h */ = {isa = PBXFileReference; fileEncoding = 4; lastKnownFileType = sourcecode.c.h; path = NSColor_AMAdditions.h; sourceTree = "<group>"; };
		D95547A5141DEAE600623802 /* NSColor_AMAdditions.m */ = {isa = PBXFileReference; fileEncoding = 4; lastKnownFileType = sourcecode.c.objc; path = NSColor_AMAdditions.m; sourceTree = "<group>"; };
		D95547A6141DEAE600623802 /* NSFont_AMFixes.h */ = {isa = PBXFileReference; fileEncoding = 4; lastKnownFileType = sourcecode.c.h; path = NSFont_AMFixes.h; sourceTree = "<group>"; };
		D95547A7141DEAE600623802 /* NSFont_AMFixes.m */ = {isa = PBXFileReference; fileEncoding = 4; lastKnownFileType = sourcecode.c.objc; path = NSFont_AMFixes.m; sourceTree = "<group>"; };
		D95547A8141DEAE600623802 /* NSGradient_AMButtonBar.h */ = {isa = PBXFileReference; fileEncoding = 4; lastKnownFileType = sourcecode.c.h; path = NSGradient_AMButtonBar.h; sourceTree = "<group>"; };
		D95547A9141DEAE600623802 /* NSGradient_AMButtonBar.m */ = {isa = PBXFileReference; fileEncoding = 4; lastKnownFileType = sourcecode.c.objc; path = NSGradient_AMButtonBar.m; sourceTree = "<group>"; };
		D95547AA141DEAE600623802 /* NSShadow_AMAdditions.h */ = {isa = PBXFileReference; fileEncoding = 4; lastKnownFileType = sourcecode.c.h; path = NSShadow_AMAdditions.h; sourceTree = "<group>"; };
		D95547AB141DEAE600623802 /* NSShadow_AMAdditions.m */ = {isa = PBXFileReference; fileEncoding = 4; lastKnownFileType = sourcecode.c.objc; path = NSShadow_AMAdditions.m; sourceTree = "<group>"; };
		D95547BA141DEE4100623802 /* MainWindowController-AMButtonBarDelegate.m */ = {isa = PBXFileReference; fileEncoding = 4; lastKnownFileType = sourcecode.c.objc; path = "MainWindowController-AMButtonBarDelegate.m"; sourceTree = "<group>"; };
		D95547BC141DF9FB00623802 /* star-enabled.png */ = {isa = PBXFileReference; lastKnownFileType = image.png; path = "star-enabled.png"; sourceTree = "<group>"; };
		D95547BE141E022B00623802 /* StarredSourceListItem.h */ = {isa = PBXFileReference; fileEncoding = 4; lastKnownFileType = sourcecode.c.h; name = StarredSourceListItem.h; path = FeedWizard/StarredSourceListItem.h; sourceTree = SOURCE_ROOT; };
		D95547BF141E022B00623802 /* StarredSourceListItem.m */ = {isa = PBXFileReference; fileEncoding = 4; lastKnownFileType = sourcecode.c.objc; name = StarredSourceListItem.m; path = FeedWizard/StarredSourceListItem.m; sourceTree = SOURCE_ROOT; };
		D95547C1141E336900623802 /* NSImage+Extensions.h */ = {isa = PBXFileReference; fileEncoding = 4; lastKnownFileType = sourcecode.c.h; path = "NSImage+Extensions.h"; sourceTree = "<group>"; };
		D95547C2141E337500623802 /* NSImage+Extensions.m */ = {isa = PBXFileReference; fileEncoding = 4; lastKnownFileType = sourcecode.c.objc; path = "NSImage+Extensions.m"; sourceTree = "<group>"; };
		D9837384141745A200321CA9 /* PubSub.framework */ = {isa = PBXFileReference; lastKnownFileType = wrapper.framework; name = PubSub.framework; path = System/Library/Frameworks/PubSub.framework; sourceTree = SDKROOT; };
		D983738814174DEC00321CA9 /* FeedController.h */ = {isa = PBXFileReference; fileEncoding = 4; lastKnownFileType = sourcecode.c.h; path = FeedController.h; sourceTree = "<group>"; };
		D983738914174DEC00321CA9 /* FeedController.m */ = {isa = PBXFileReference; fileEncoding = 4; lastKnownFileType = sourcecode.c.objc; path = FeedController.m; sourceTree = "<group>"; };
		D983738C1417519500321CA9 /* StuffSourceListItem.h */ = {isa = PBXFileReference; fileEncoding = 4; lastKnownFileType = sourcecode.c.h; name = StuffSourceListItem.h; path = FeedWizard/StuffSourceListItem.h; sourceTree = SOURCE_ROOT; };
		D983738D1417519500321CA9 /* StuffSourceListItem.m */ = {isa = PBXFileReference; fileEncoding = 4; lastKnownFileType = sourcecode.c.objc; name = StuffSourceListItem.m; path = FeedWizard/StuffSourceListItem.m; sourceTree = SOURCE_ROOT; };
		D983738F1417567100321CA9 /* FeedsSourceListItem.h */ = {isa = PBXFileReference; fileEncoding = 4; lastKnownFileType = sourcecode.c.h; name = FeedsSourceListItem.h; path = FeedWizard/FeedsSourceListItem.h; sourceTree = SOURCE_ROOT; };
		D98373901417567100321CA9 /* FeedsSourceListItem.m */ = {isa = PBXFileReference; fileEncoding = 4; lastKnownFileType = sourcecode.c.objc; name = FeedsSourceListItem.m; path = FeedWizard/FeedsSourceListItem.m; sourceTree = SOURCE_ROOT; };
		D98373921417578500321CA9 /* FeedSourceListItem.h */ = {isa = PBXFileReference; fileEncoding = 4; lastKnownFileType = sourcecode.c.h; name = FeedSourceListItem.h; path = FeedWizard/FeedSourceListItem.h; sourceTree = SOURCE_ROOT; };
		D98373931417578600321CA9 /* FeedSourceListItem.m */ = {isa = PBXFileReference; fileEncoding = 4; lastKnownFileType = sourcecode.c.objc; name = FeedSourceListItem.m; path = FeedWizard/FeedSourceListItem.m; sourceTree = SOURCE_ROOT; };
		D983739914178D3600321CA9 /* MainWindowController-NSTableViewDelegate.m */ = {isa = PBXFileReference; fileEncoding = 4; lastKnownFileType = sourcecode.c.objc; path = "MainWindowController-NSTableViewDelegate.m"; sourceTree = "<group>"; };
		D983739B14178F1100321CA9 /* NSArray+Extensions.h */ = {isa = PBXFileReference; fileEncoding = 4; lastKnownFileType = sourcecode.c.h; path = "NSArray+Extensions.h"; sourceTree = "<group>"; };
		D983739C14178F1200321CA9 /* NSArray+Extensions.m */ = {isa = PBXFileReference; fileEncoding = 4; lastKnownFileType = sourcecode.c.objc; path = "NSArray+Extensions.m"; sourceTree = "<group>"; };
		D983739E1417A4ED00321CA9 /* feed-default.png */ = {isa = PBXFileReference; lastKnownFileType = image.png; path = "feed-default.png"; sourceTree = "<group>"; };
		D985123A1420E1630040103D /* Growl.framework */ = {isa = PBXFileReference; lastKnownFileType = wrapper.framework; name = Growl.framework; path = "../Growl 1.2.2 SDK/Frameworks/Growl.framework"; sourceTree = "<group>"; };
		D985123D1420E19F0040103D /* NotifyController.h */ = {isa = PBXFileReference; fileEncoding = 4; lastKnownFileType = sourcecode.c.h; path = NotifyController.h; sourceTree = "<group>"; };
		D985123E1420E19F0040103D /* NotifyController.m */ = {isa = PBXFileReference; fileEncoding = 4; lastKnownFileType = sourcecode.c.objc; path = NotifyController.m; sourceTree = "<group>"; };
		D98512401420E85B0040103D /* uk */ = {isa = PBXFileReference; lastKnownFileType = file.xib; name = uk; path = uk.lproj/MainWindow.xib; sourceTree = "<group>"; };
		D98512411420E8870040103D /* uk */ = {isa = PBXFileReference; lastKnownFileType = file.xib; name = uk; path = uk.lproj/EntrySettingsWindow.xib; sourceTree = "<group>"; };
		D98512421420E88E0040103D /* uk */ = {isa = PBXFileReference; lastKnownFileType = file.xib; name = uk; path = uk.lproj/FeedSettingsWindow.xib; sourceTree = "<group>"; };
		D98512431420E8940040103D /* uk */ = {isa = PBXFileReference; lastKnownFileType = file.xib; name = uk; path = uk.lproj/SubscribeWindow.xib; sourceTree = "<group>"; };
		D98512441420E89A0040103D /* uk */ = {isa = PBXFileReference; lastKnownFileType = file.xib; name = uk; path = uk.lproj/LoginWindow.xib; sourceTree = "<group>"; };
		D98512451420E8A20040103D /* uk */ = {isa = PBXFileReference; lastKnownFileType = file.xib; name = uk; path = uk.lproj/MainMenu.xib; sourceTree = "<group>"; };
		D98512491420E8F80040103D /* en */ = {isa = PBXFileReference; lastKnownFileType = text.plist.strings; name = en; path = en.lproj/Localizable.strings; sourceTree = "<group>"; };
		D985124B1420E8FC0040103D /* en */ = {isa = PBXFileReference; lastKnownFileType = sourcecode.c.h; name = en; path = en.lproj/SubscribeWindowController.h; sourceTree = "<group>"; };
		D985124D1420E9030040103D /* uk */ = {isa = PBXFileReference; lastKnownFileType = text.plist.strings; name = uk; path = uk.lproj/Localizable.strings; sourceTree = "<group>"; };
		D985124E1420E9530040103D /* uk */ = {isa = PBXFileReference; lastKnownFileType = text.rtf; name = uk; path = uk.lproj/Credits.rtf; sourceTree = "<group>"; };
		D98512511420EA3B0040103D /* article.html */ = {isa = PBXFileReference; lastKnownFileType = text.html; path = article.html; sourceTree = "<group>"; };
		D98CE77314235EE4007DEABE /* NSAlert+Extensions.h */ = {isa = PBXFileReference; fileEncoding = 4; lastKnownFileType = sourcecode.c.h; path = "NSAlert+Extensions.h"; sourceTree = "<group>"; };
		D98CE77414235EE4007DEABE /* NSAlert+Extensions.m */ = {isa = PBXFileReference; fileEncoding = 4; lastKnownFileType = sourcecode.c.objc; path = "NSAlert+Extensions.m"; sourceTree = "<group>"; };
		D99537EC141F68AB00E2477E /* TagsSourceListItem.h */ = {isa = PBXFileReference; fileEncoding = 4; lastKnownFileType = sourcecode.c.h; name = TagsSourceListItem.h; path = FeedWizard/TagsSourceListItem.h; sourceTree = SOURCE_ROOT; };
		D99537ED141F68AB00E2477E /* TagsSourceListItem.m */ = {isa = PBXFileReference; fileEncoding = 4; lastKnownFileType = sourcecode.c.objc; name = TagsSourceListItem.m; path = FeedWizard/TagsSourceListItem.m; sourceTree = SOURCE_ROOT; };
		D99537F0141F71A700E2477E /* EntrySettingsWindowController.h */ = {isa = PBXFileReference; fileEncoding = 4; lastKnownFileType = sourcecode.c.h; path = EntrySettingsWindowController.h; sourceTree = "<group>"; };
		D99537F1141F71A700E2477E /* EntrySettingsWindowController.m */ = {isa = PBXFileReference; fileEncoding = 4; lastKnownFileType = sourcecode.c.objc; path = EntrySettingsWindowController.m; sourceTree = "<group>"; };
		D99537F4141F71C100E2477E /* en */ = {isa = PBXFileReference; lastKnownFileType = file.xib; name = en; path = en.lproj/EntrySettingsWindow.xib; sourceTree = "<group>"; };
		D99537F6141F764C00E2477E /* EntryTableView.h */ = {isa = PBXFileReference; fileEncoding = 4; lastKnownFileType = sourcecode.c.h; path = EntryTableView.h; sourceTree = "<group>"; };
		D99537F7141F764C00E2477E /* EntryTableView.m */ = {isa = PBXFileReference; fileEncoding = 4; lastKnownFileType = sourcecode.c.objc; path = EntryTableView.m; sourceTree = "<group>"; };
		D9953819141F88AA00E2477E /* MainWindowController-NSSplitViewDelegate.m */ = {isa = PBXFileReference; fileEncoding = 4; lastKnownFileType = sourcecode.c.objc; path = "MainWindowController-NSSplitViewDelegate.m"; sourceTree = "<group>"; };
		D99BE4A6140FACEB0016120F /* WebKit.framework */ = {isa = PBXFileReference; lastKnownFileType = wrapper.framework; name = WebKit.framework; path = System/Library/Frameworks/WebKit.framework; sourceTree = SDKROOT; };
		D99BE4A9140FB1E40016120F /* PXSourceList.h */ = {isa = PBXFileReference; fileEncoding = 4; lastKnownFileType = sourcecode.c.h; path = PXSourceList.h; sourceTree = "<group>"; };
		D99BE4AA140FB1E40016120F /* PXSourceList.m */ = {isa = PBXFileReference; fileEncoding = 4; lastKnownFileType = sourcecode.c.objc; path = PXSourceList.m; sourceTree = "<group>"; };
		D99BE4AB140FB1E40016120F /* PXSourceListDataSource.h */ = {isa = PBXFileReference; fileEncoding = 4; lastKnownFileType = sourcecode.c.h; path = PXSourceListDataSource.h; sourceTree = "<group>"; };
		D99BE4AC140FB1E40016120F /* PXSourceListDelegate.h */ = {isa = PBXFileReference; fileEncoding = 4; lastKnownFileType = sourcecode.c.h; path = PXSourceListDelegate.h; sourceTree = "<group>"; };
		D99BE4AE140FB21E0016120F /* SourceListItem.h */ = {isa = PBXFileReference; fileEncoding = 4; lastKnownFileType = sourcecode.c.h; name = SourceListItem.h; path = ../SourceListItem.h; sourceTree = "<group>"; };
		D99BE4AF140FB21E0016120F /* SourceListItem.m */ = {isa = PBXFileReference; fileEncoding = 4; lastKnownFileType = sourcecode.c.objc; name = SourceListItem.m; path = ../SourceListItem.m; sourceTree = "<group>"; };
		D99BE4B5140FB3C10016120F /* MainWindowController-PXSourceListDataSource.m */ = {isa = PBXFileReference; fileEncoding = 4; lastKnownFileType = sourcecode.c.objc; path = "MainWindowController-PXSourceListDataSource.m"; sourceTree = "<group>"; };
		D99BE4B6140FB3C10016120F /* MainWindowController-PXSourceListDelegate.m */ = {isa = PBXFileReference; fileEncoding = 4; lastKnownFileType = sourcecode.c.objc; path = "MainWindowController-PXSourceListDelegate.m"; sourceTree = "<group>"; };
		D99BE4B9140FB6560016120F /* SheetWindowController.h */ = {isa = PBXFileReference; fileEncoding = 4; lastKnownFileType = sourcecode.c.h; path = SheetWindowController.h; sourceTree = "<group>"; };
		D99BE4BA140FB6560016120F /* SheetWindowController.m */ = {isa = PBXFileReference; fileEncoding = 4; lastKnownFileType = sourcecode.c.objc; path = SheetWindowController.m; sourceTree = "<group>"; };
		D99BE4BD140FB7C00016120F /* GoogleReader.h */ = {isa = PBXFileReference; fileEncoding = 4; lastKnownFileType = sourcecode.c.h; path = GoogleReader.h; sourceTree = "<group>"; };
		D99BE4BE140FB7C00016120F /* GoogleReader.m */ = {isa = PBXFileReference; fileEncoding = 4; lastKnownFileType = sourcecode.c.objc; path = GoogleReader.m; sourceTree = "<group>"; };
		D99BE4C1140FBB330016120F /* note.png */ = {isa = PBXFileReference; lastKnownFileType = image.png; path = note.png; sourceTree = "<group>"; };
		D99BE4C3140FBB9A0016120F /* star.png */ = {isa = PBXFileReference; lastKnownFileType = image.png; path = star.png; sourceTree = "<group>"; };
		D99BE4C5140FBBE70016120F /* rss.png */ = {isa = PBXFileReference; lastKnownFileType = image.png; path = rss.png; sourceTree = "<group>"; };
		D99BE4CC140FBF080016120F /* LoginWindowController.h */ = {isa = PBXFileReference; fileEncoding = 4; lastKnownFileType = sourcecode.c.h; path = LoginWindowController.h; sourceTree = "<group>"; };
		D99BE4CD140FBF080016120F /* LoginWindowController.m */ = {isa = PBXFileReference; fileEncoding = 4; lastKnownFileType = sourcecode.c.objc; path = LoginWindowController.m; sourceTree = "<group>"; };
		D99BE4D0140FC1910016120F /* en */ = {isa = PBXFileReference; lastKnownFileType = file.xib; name = en; path = en.lproj/LoginWindow.xib; sourceTree = "<group>"; };
		D99BE4D2140FCFA70016120F /* Storage.h */ = {isa = PBXFileReference; fileEncoding = 4; lastKnownFileType = sourcecode.c.h; path = Storage.h; sourceTree = "<group>"; };
		D99BE4D3140FCFA70016120F /* Storage.m */ = {isa = PBXFileReference; fileEncoding = 4; lastKnownFileType = sourcecode.c.objc; path = Storage.m; sourceTree = "<group>"; };
		D99C5E6C1427617B00E53074 /* rss-preferences.png */ = {isa = PBXFileReference; lastKnownFileType = image.png; path = "rss-preferences.png"; sourceTree = "<group>"; };
		D9A9FA31141A030D0096951F /* SubscribeWindowController.m */ = {isa = PBXFileReference; fileEncoding = 4; lastKnownFileType = sourcecode.c.objc; path = SubscribeWindowController.m; sourceTree = "<group>"; };
		D9A9FA34141A032E0096951F /* en */ = {isa = PBXFileReference; lastKnownFileType = file.xib; name = en; path = en.lproj/SubscribeWindow.xib; sourceTree = "<group>"; };
		D9B191E71420803500B84B89 /* OPMLParser.h */ = {isa = PBXFileReference; fileEncoding = 4; lastKnownFileType = sourcecode.c.h; path = OPMLParser.h; sourceTree = "<group>"; };
		D9B191E81420803500B84B89 /* OPMLParser.m */ = {isa = PBXFileReference; fileEncoding = 4; lastKnownFileType = sourcecode.c.objc; path = OPMLParser.m; sourceTree = "<group>"; };
		D9C03CBF140E6E4700B828EB /* FeedWizard.app */ = {isa = PBXFileReference; explicitFileType = wrapper.application; includeInIndex = 0; path = FeedWizard.app; sourceTree = BUILT_PRODUCTS_DIR; };
		D9C03CC3140E6E4700B828EB /* Cocoa.framework */ = {isa = PBXFileReference; lastKnownFileType = wrapper.framework; name = Cocoa.framework; path = System/Library/Frameworks/Cocoa.framework; sourceTree = SDKROOT; };
		D9C03CC6140E6E4700B828EB /* AppKit.framework */ = {isa = PBXFileReference; lastKnownFileType = wrapper.framework; name = AppKit.framework; path = System/Library/Frameworks/AppKit.framework; sourceTree = SDKROOT; };
		D9C03CC7140E6E4700B828EB /* CoreData.framework */ = {isa = PBXFileReference; lastKnownFileType = wrapper.framework; name = CoreData.framework; path = System/Library/Frameworks/CoreData.framework; sourceTree = SDKROOT; };
		D9C03CC8140E6E4700B828EB /* Foundation.framework */ = {isa = PBXFileReference; lastKnownFileType = wrapper.framework; name = Foundation.framework; path = System/Library/Frameworks/Foundation.framework; sourceTree = SDKROOT; };
		D9C03CCB140E6E4700B828EB /* FeedWizard-Info.plist */ = {isa = PBXFileReference; lastKnownFileType = text.plist.xml; path = "FeedWizard-Info.plist"; sourceTree = "<group>"; };
		D9C03CCD140E6E4700B828EB /* en */ = {isa = PBXFileReference; lastKnownFileType = text.plist.strings; name = en; path = en.lproj/InfoPlist.strings; sourceTree = "<group>"; };
		D9C03CCF140E6E4700B828EB /* main.m */ = {isa = PBXFileReference; lastKnownFileType = sourcecode.c.objc; path = main.m; sourceTree = "<group>"; };
		D9C03CD1140E6E4700B828EB /* FeedWizard-Prefix.pch */ = {isa = PBXFileReference; lastKnownFileType = sourcecode.c.h; path = "FeedWizard-Prefix.pch"; sourceTree = "<group>"; };
		D9C03CD3140E6E4700B828EB /* en */ = {isa = PBXFileReference; lastKnownFileType = text.rtf; name = en; path = en.lproj/Credits.rtf; sourceTree = "<group>"; };
		D9C03CD5140E6E4700B828EB /* AppDelegate.h */ = {isa = PBXFileReference; lastKnownFileType = sourcecode.c.h; path = AppDelegate.h; sourceTree = "<group>"; };
		D9C03CD6140E6E4700B828EB /* AppDelegate.m */ = {isa = PBXFileReference; lastKnownFileType = sourcecode.c.objc; path = AppDelegate.m; sourceTree = "<group>"; };
		D9C03CD9140E6E4700B828EB /* en */ = {isa = PBXFileReference; lastKnownFileType = file.xib; name = en; path = en.lproj/MainMenu.xib; sourceTree = "<group>"; };
		D9C03CDC140E6E4700B828EB /* FeedWizard.xcdatamodel */ = {isa = PBXFileReference; lastKnownFileType = wrapper.xcdatamodel; path = FeedWizard.xcdatamodel; sourceTree = "<group>"; };
		D9C03CE8140E71C700B828EB /* MainWindowController.h */ = {isa = PBXFileReference; fileEncoding = 4; lastKnownFileType = sourcecode.c.h; path = MainWindowController.h; sourceTree = "<group>"; };
		D9C03CE9140E71C700B828EB /* MainWindowController.m */ = {isa = PBXFileReference; fileEncoding = 4; lastKnownFileType = sourcecode.c.objc; path = MainWindowController.m; sourceTree = "<group>"; };
		D9C03CEC140E729C00B828EB /* en */ = {isa = PBXFileReference; lastKnownFileType = file.xib; name = en; path = en.lproj/MainWindow.xib; sourceTree = "<group>"; };
		D9C5E451141F427E007A38B3 /* fw.icns */ = {isa = PBXFileReference; lastKnownFileType = image.icns; name = fw.icns; path = ../fw.icns; sourceTree = "<group>"; };
		D9C5E453141F4665007A38B3 /* FeedSettingsWindowController.h */ = {isa = PBXFileReference; fileEncoding = 4; lastKnownFileType = sourcecode.c.h; path = FeedSettingsWindowController.h; sourceTree = "<group>"; };
		D9C5E454141F4665007A38B3 /* FeedSettingsWindowController.m */ = {isa = PBXFileReference; fileEncoding = 4; lastKnownFileType = sourcecode.c.objc; path = FeedSettingsWindowController.m; sourceTree = "<group>"; };
		D9C5E457141F467B007A38B3 /* en */ = {isa = PBXFileReference; lastKnownFileType = file.xib; name = en; path = en.lproj/FeedSettingsWindow.xib; sourceTree = "<group>"; };
		D9CF2B63141F576B0014B36A /* atom-feed.png */ = {isa = PBXFileReference; lastKnownFileType = image.png; path = "atom-feed.png"; sourceTree = "<group>"; };
		D9CF2B65141F57760014B36A /* rss-feed.png */ = {isa = PBXFileReference; lastKnownFileType = image.png; path = "rss-feed.png"; sourceTree = "<group>"; };
		D9CF609F142387120011419E /* PreferencesWindowController.h */ = {isa = PBXFileReference; fileEncoding = 4; lastKnownFileType = sourcecode.c.h; path = PreferencesWindowController.h; sourceTree = "<group>"; };
		D9CF60A0142387120011419E /* PreferencesWindowController.m */ = {isa = PBXFileReference; fileEncoding = 4; lastKnownFileType = sourcecode.c.objc; path = PreferencesWindowController.m; sourceTree = "<group>"; };
		D9CF60A3142387350011419E /* en */ = {isa = PBXFileReference; lastKnownFileType = file.xib; name = en; path = en.lproj/PreferencesWindow.xib; sourceTree = "<group>"; };
		D9CF60A6142388D90011419E /* uk */ = {isa = PBXFileReference; lastKnownFileType = text.plist.strings; name = uk; path = uk.lproj/InfoPlist.strings; sourceTree = "<group>"; };
/* End PBXFileReference section */

/* Begin PBXFrameworksBuildPhase section */
		D9C03CBC140E6E4700B828EB /* Frameworks */ = {
			isa = PBXFrameworksBuildPhase;
			buildActionMask = 2147483647;
			files = (
				D985123B1420E1630040103D /* Growl.framework in Frameworks */,
				D9837385141745A200321CA9 /* PubSub.framework in Frameworks */,
				D99BE4A7140FACEB0016120F /* WebKit.framework in Frameworks */,
				D9C03CC4140E6E4700B828EB /* Cocoa.framework in Frameworks */,
			);
			runOnlyForDeploymentPostprocessing = 0;
		};
/* End PBXFrameworksBuildPhase section */

/* Begin PBXGroup section */
		D9457ADC1418F6CA008D59B9 /* Subprojects */ = {
			isa = PBXGroup;
			children = (
				D9457ADD1418F6EC008D59B9 /* OAuthConsumer.xcodeproj */,
			);
			name = Subprojects;
			sourceTree = "<group>";
		};
		D9457ADE1418F6EC008D59B9 /* Products */ = {
			isa = PBXGroup;
			children = (
				D9457AE71418F6ED008D59B9 /* OAuthConsumer.framework */,
				D9457AE91418F6ED008D59B9 /* OAuthConsumerTestSuite.octest */,
			);
			name = Products;
			sourceTree = "<group>";
		};
		D9554799141DEAE600623802 /* AMButtonBar */ = {
			isa = PBXGroup;
			children = (
				D955479B141DEAE600623802 /* AMButtonBar.h */,
				D955479C141DEAE600623802 /* AMButtonBar.m */,
				D955479D141DEAE600623802 /* AMButtonBarCell.h */,
				D955479E141DEAE600623802 /* AMButtonBarCell.m */,
				D955479F141DEAE600623802 /* AMButtonBarItem.h */,
				D95547A0141DEAE600623802 /* AMButtonBarItem.m */,
				D95547A2141DEAE600623802 /* NSBezierPath_AMAdditons.h */,
				D95547A3141DEAE600623802 /* NSBezierPath_AMAdditons.m */,
				D95547A4141DEAE600623802 /* NSColor_AMAdditions.h */,
				D95547A5141DEAE600623802 /* NSColor_AMAdditions.m */,
				D95547A6141DEAE600623802 /* NSFont_AMFixes.h */,
				D95547A7141DEAE600623802 /* NSFont_AMFixes.m */,
				D95547A8141DEAE600623802 /* NSGradient_AMButtonBar.h */,
				D95547A9141DEAE600623802 /* NSGradient_AMButtonBar.m */,
				D95547AA141DEAE600623802 /* NSShadow_AMAdditions.h */,
				D95547AB141DEAE600623802 /* NSShadow_AMAdditions.m */,
			);
			path = AMButtonBar;
			sourceTree = "<group>";
		};
		D983738714174DCA00321CA9 /* Feed Controller */ = {
			isa = PBXGroup;
			children = (
				D983738814174DEC00321CA9 /* FeedController.h */,
				D983738914174DEC00321CA9 /* FeedController.m */,
			);
			name = "Feed Controller";
			sourceTree = "<group>";
		};
		D983738B1417515500321CA9 /* Source List Items */ = {
			isa = PBXGroup;
			children = (
				D99BE4AE140FB21E0016120F /* SourceListItem.h */,
				D99BE4AF140FB21E0016120F /* SourceListItem.m */,
				D983738C1417519500321CA9 /* StuffSourceListItem.h */,
				D983738D1417519500321CA9 /* StuffSourceListItem.m */,
				D983738F1417567100321CA9 /* FeedsSourceListItem.h */,
				D98373901417567100321CA9 /* FeedsSourceListItem.m */,
				D98373921417578500321CA9 /* FeedSourceListItem.h */,
				D98373931417578600321CA9 /* FeedSourceListItem.m */,
				D9457A981418CC72008D59B9 /* AllSourceListItem.h */,
				D9457A991418CC72008D59B9 /* AllSourceListItem.m */,
				D95547BE141E022B00623802 /* StarredSourceListItem.h */,
				D95547BF141E022B00623802 /* StarredSourceListItem.m */,
				D99537EC141F68AB00E2477E /* TagsSourceListItem.h */,
				D99537ED141F68AB00E2477E /* TagsSourceListItem.m */,
			);
			name = "Source List Items";
			path = PXSourceList;
			sourceTree = "<group>";
		};
		D99537EF141F716F00E2477E /* Entry Settings Window */ = {
			isa = PBXGroup;
			children = (
				D99537F0141F71A700E2477E /* EntrySettingsWindowController.h */,
				D99537F1141F71A700E2477E /* EntrySettingsWindowController.m */,
				D99537F3141F71C100E2477E /* EntrySettingsWindow.xib */,
			);
			name = "Entry Settings Window";
			sourceTree = "<group>";
		};
		D995381B141F88F200E2477E /* 3d Party */ = {
			isa = PBXGroup;
			children = (
				D99BE4A8140FB1E40016120F /* PXSourceList */,
				D9554799141DEAE600623802 /* AMButtonBar */,
			);
			name = "3d Party";
			sourceTree = "<group>";
		};
		D995381C141F8A2400E2477E /* Misc */ = {
			isa = PBXGroup;
			children = (
				D985123D1420E19F0040103D /* NotifyController.h */,
				D985123E1420E19F0040103D /* NotifyController.m */,
				D9457A9B1418DCBC008D59B9 /* Entry.h */,
				D9457A9C1418DCBD008D59B9 /* Entry.m */,
				D99537F6141F764C00E2477E /* EntryTableView.h */,
				D99537F7141F764C00E2477E /* EntryTableView.m */,
				D99BE4B9140FB6560016120F /* SheetWindowController.h */,
				D99BE4BA140FB6560016120F /* SheetWindowController.m */,
				D983739B14178F1100321CA9 /* NSArray+Extensions.h */,
				D983739C14178F1200321CA9 /* NSArray+Extensions.m */,
				D95547C1141E336900623802 /* NSImage+Extensions.h */,
				D95547C2141E337500623802 /* NSImage+Extensions.m */,
				D9B191E71420803500B84B89 /* OPMLParser.h */,
				D9B191E81420803500B84B89 /* OPMLParser.m */,
				D98CE77314235EE4007DEABE /* NSAlert+Extensions.h */,
				D98CE77414235EE4007DEABE /* NSAlert+Extensions.m */,
			);
			name = Misc;
			sourceTree = "<group>";
		};
		D99BE4A0140FAA060016120F /* Core Data */ = {
			isa = PBXGroup;
			children = (
				D99BE4D2140FCFA70016120F /* Storage.h */,
				D99BE4D3140FCFA70016120F /* Storage.m */,
				D9C03CDB140E6E4700B828EB /* FeedWizard.xcdatamodeld */,
			);
			name = "Core Data";
			sourceTree = "<group>";
		};
		D99BE4A8140FB1E40016120F /* PXSourceList */ = {
			isa = PBXGroup;
			children = (
				D99BE4A9140FB1E40016120F /* PXSourceList.h */,
				D99BE4AA140FB1E40016120F /* PXSourceList.m */,
				D99BE4AB140FB1E40016120F /* PXSourceListDataSource.h */,
				D99BE4AC140FB1E40016120F /* PXSourceListDelegate.h */,
			);
			path = PXSourceList;
			sourceTree = "<group>";
		};
		D99BE4BC140FB7A00016120F /* Google Reader */ = {
			isa = PBXGroup;
			children = (
				D99BE4BD140FB7C00016120F /* GoogleReader.h */,
				D99BE4BE140FB7C00016120F /* GoogleReader.m */,
			);
			name = "Google Reader";
			sourceTree = "<group>";
		};
		D99BE4C0140FBB180016120F /* Images */ = {
			isa = PBXGroup;
			children = (
				D99C5E6C1427617B00E53074 /* rss-preferences.png */,
				D9CF2B65141F57760014B36A /* rss-feed.png */,
				D9CF2B63141F576B0014B36A /* atom-feed.png */,
				D9C5E451141F427E007A38B3 /* fw.icns */,
				D95547BC141DF9FB00623802 /* star-enabled.png */,
				D983739E1417A4ED00321CA9 /* feed-default.png */,
				D99BE4C5140FBBE70016120F /* rss.png */,
				D99BE4C3140FBB9A0016120F /* star.png */,
				D99BE4C1140FBB330016120F /* note.png */,
			);
			name = Images;
			sourceTree = "<group>";
		};
		D99BE4CB140FBE890016120F /* Login Window */ = {
			isa = PBXGroup;
			children = (
				D99BE4CC140FBF080016120F /* LoginWindowController.h */,
				D99BE4CD140FBF080016120F /* LoginWindowController.m */,
				D99BE4CF140FC1910016120F /* LoginWindow.xib */,
			);
			name = "Login Window";
			sourceTree = "<group>";
		};
		D9A9FA061419F8C30096951F /* Subscribe Window */ = {
			isa = PBXGroup;
			children = (
				D985124C1420E8FC0040103D /* SubscribeWindowController.h */,
				D9A9FA31141A030D0096951F /* SubscribeWindowController.m */,
				D9A9FA33141A032E0096951F /* SubscribeWindow.xib */,
			);
			name = "Subscribe Window";
			sourceTree = "<group>";
		};
		D9B5D660141A34E200E57378 /* Feed Settings Window */ = {
			isa = PBXGroup;
			children = (
				D9C5E453141F4665007A38B3 /* FeedSettingsWindowController.h */,
				D9C5E454141F4665007A38B3 /* FeedSettingsWindowController.m */,
				D9C5E456141F467B007A38B3 /* FeedSettingsWindow.xib */,
			);
			name = "Feed Settings Window";
			sourceTree = "<group>";
		};
		D9C03CB4140E6E4600B828EB = {
			isa = PBXGroup;
			children = (
				D9C03CC9140E6E4700B828EB /* FeedWizard */,
				D9C03CC2140E6E4700B828EB /* Frameworks */,
				D9C03CC0140E6E4700B828EB /* Products */,
				D9457ADC1418F6CA008D59B9 /* Subprojects */,
			);
			sourceTree = "<group>";
		};
		D9C03CC0140E6E4700B828EB /* Products */ = {
			isa = PBXGroup;
			children = (
				D9C03CBF140E6E4700B828EB /* FeedWizard.app */,
			);
			name = Products;
			sourceTree = "<group>";
		};
		D9C03CC2140E6E4700B828EB /* Frameworks */ = {
			isa = PBXGroup;
			children = (
				D985123A1420E1630040103D /* Growl.framework */,
				D9837384141745A200321CA9 /* PubSub.framework */,
				D9C03CC3140E6E4700B828EB /* Cocoa.framework */,
				D99BE4A6140FACEB0016120F /* WebKit.framework */,
				D9C03CC5140E6E4700B828EB /* Other Frameworks */,
			);
			name = Frameworks;
			sourceTree = "<group>";
		};
		D9C03CC5140E6E4700B828EB /* Other Frameworks */ = {
			isa = PBXGroup;
			children = (
				D9C03CC6140E6E4700B828EB /* AppKit.framework */,
				D9C03CC7140E6E4700B828EB /* CoreData.framework */,
				D9C03CC8140E6E4700B828EB /* Foundation.framework */,
			);
			name = "Other Frameworks";
			sourceTree = "<group>";
		};
		D9C03CC9140E6E4700B828EB /* FeedWizard */ = {
			isa = PBXGroup;
			children = (
				D995381B141F88F200E2477E /* 3d Party */,
				D9C03CCA140E6E4700B828EB /* Supporting Files */,
				D9CF609E142386E80011419E /* Preferences Window */,
				D995381C141F8A2400E2477E /* Misc */,
				D99BE4BC140FB7A00016120F /* Google Reader */,
				D983738714174DCA00321CA9 /* Feed Controller */,
				D99BE4A0140FAA060016120F /* Core Data */,
				D99537EF141F716F00E2477E /* Entry Settings Window */,
				D9B5D660141A34E200E57378 /* Feed Settings Window */,
				D9A9FA061419F8C30096951F /* Subscribe Window */,
				D99BE4CB140FBE890016120F /* Login Window */,
				D9C03CE7140E716300B828EB /* Main Window */,
				D9C03CD5140E6E4700B828EB /* AppDelegate.h */,
				D9C03CD6140E6E4700B828EB /* AppDelegate.m */,
				D9C03CD8140E6E4700B828EB /* MainMenu.xib */,
			);
			path = FeedWizard;
			sourceTree = "<group>";
		};
		D9C03CCA140E6E4700B828EB /* Supporting Files */ = {
			isa = PBXGroup;
			children = (
				D99BE4C0140FBB180016120F /* Images */,
				D9C03CCB140E6E4700B828EB /* FeedWizard-Info.plist */,
				D9C03CCC140E6E4700B828EB /* InfoPlist.strings */,
				D9C03CCF140E6E4700B828EB /* main.m */,
				D9C03CD1140E6E4700B828EB /* FeedWizard-Prefix.pch */,
				D9C03CD2140E6E4700B828EB /* Credits.rtf */,
				D98512511420EA3B0040103D /* article.html */,
				D985124A1420E8F80040103D /* Localizable.strings */,
			);
			name = "Supporting Files";
			sourceTree = "<group>";
		};
		D9C03CE7140E716300B828EB /* Main Window */ = {
			isa = PBXGroup;
			children = (
				D983738B1417515500321CA9 /* Source List Items */,
				D9C03CE8140E71C700B828EB /* MainWindowController.h */,
				D9C03CE9140E71C700B828EB /* MainWindowController.m */,
				D99BE4B5140FB3C10016120F /* MainWindowController-PXSourceListDataSource.m */,
				D99BE4B6140FB3C10016120F /* MainWindowController-PXSourceListDelegate.m */,
				D983739914178D3600321CA9 /* MainWindowController-NSTableViewDelegate.m */,
				D9457A961418C65A008D59B9 /* MainWindowController-PSClientDelegate.m */,
				D95547BA141DEE4100623802 /* MainWindowController-AMButtonBarDelegate.m */,
				D9953819141F88AA00E2477E /* MainWindowController-NSSplitViewDelegate.m */,
				D9C03CEB140E729C00B828EB /* MainWindow.xib */,
			);
			name = "Main Window";
			sourceTree = "<group>";
		};
		D9CF609E142386E80011419E /* Preferences Window */ = {
			isa = PBXGroup;
			children = (
				D9CF609F142387120011419E /* PreferencesWindowController.h */,
				D9CF60A0142387120011419E /* PreferencesWindowController.m */,
				D9CF60A2142387350011419E /* PreferencesWindow.xib */,
			);
			name = "Preferences Window";
			sourceTree = "<group>";
		};
/* End PBXGroup section */

/* Begin PBXNativeTarget section */
		D9C03CBE140E6E4700B828EB /* FeedWizard */ = {
			isa = PBXNativeTarget;
			buildConfigurationList = D9C03CE0140E6E4700B828EB /* Build configuration list for PBXNativeTarget "FeedWizard" */;
			buildPhases = (
				D9C03CBB140E6E4700B828EB /* Sources */,
				D9C03CBC140E6E4700B828EB /* Frameworks */,
				D9C03CBD140E6E4700B828EB /* Resources */,
				D9457AED1418F7F9008D59B9 /* Copy Frameworks */,
				D9A9FA17141A01540096951F /* Load bundle version from git */,
			);
			buildRules = (
			);
			dependencies = (
			);
			name = FeedWizard;
			productName = FeedWizard;
			productReference = D9C03CBF140E6E4700B828EB /* FeedWizard.app */;
			productType = "com.apple.product-type.application";
		};
/* End PBXNativeTarget section */

/* Begin PBXProject section */
		D9C03CB6140E6E4600B828EB /* Project object */ = {
			isa = PBXProject;
			attributes = {
				ORGANIZATIONNAME = Wunderkopf;
			};
			buildConfigurationList = D9C03CB9140E6E4600B828EB /* Build configuration list for PBXProject "FeedWizard" */;
			compatibilityVersion = "Xcode 3.2";
			developmentRegion = English;
			hasScannedForEncodings = 0;
			knownRegions = (
				en,
				uk,
			);
			mainGroup = D9C03CB4140E6E4600B828EB;
			productRefGroup = D9C03CC0140E6E4700B828EB /* Products */;
			projectDirPath = "";
			projectReferences = (
				{
					ProductGroup = D9457ADE1418F6EC008D59B9 /* Products */;
					ProjectRef = D9457ADD1418F6EC008D59B9 /* OAuthConsumer.xcodeproj */;
				},
			);
			projectRoot = "";
			targets = (
				D9C03CBE140E6E4700B828EB /* FeedWizard */,
			);
		};
/* End PBXProject section */

/* Begin PBXReferenceProxy section */
		D9457AE71418F6ED008D59B9 /* OAuthConsumer.framework */ = {
			isa = PBXReferenceProxy;
			fileType = wrapper.framework;
			path = OAuthConsumer.framework;
			remoteRef = D9457AE61418F6ED008D59B9 /* PBXContainerItemProxy */;
			sourceTree = BUILT_PRODUCTS_DIR;
		};
		D9457AE91418F6ED008D59B9 /* OAuthConsumerTestSuite.octest */ = {
			isa = PBXReferenceProxy;
			fileType = wrapper.cfbundle;
			path = OAuthConsumerTestSuite.octest;
			remoteRef = D9457AE81418F6ED008D59B9 /* PBXContainerItemProxy */;
			sourceTree = BUILT_PRODUCTS_DIR;
		};
/* End PBXReferenceProxy section */

/* Begin PBXResourcesBuildPhase section */
		D9C03CBD140E6E4700B828EB /* Resources */ = {
			isa = PBXResourcesBuildPhase;
			buildActionMask = 2147483647;
			files = (
				D9C03CCE140E6E4700B828EB /* InfoPlist.strings in Resources */,
				D9C03CD4140E6E4700B828EB /* Credits.rtf in Resources */,
				D9C03CDA140E6E4700B828EB /* MainMenu.xib in Resources */,
				D9C03CED140E729C00B828EB /* MainWindow.xib in Resources */,
				D99BE4C2140FBB330016120F /* note.png in Resources */,
				D99BE4C4140FBB9A0016120F /* star.png in Resources */,
				D99BE4C6140FBBE80016120F /* rss.png in Resources */,
				D99BE4D1140FC1910016120F /* LoginWindow.xib in Resources */,
				D983739F1417A4ED00321CA9 /* feed-default.png in Resources */,
				D9A9FA35141A032E0096951F /* SubscribeWindow.xib in Resources */,
				D98512501420EA3B0040103D /* article.html in Resources */,
				D95547BD141DF9FB00623802 /* star-enabled.png in Resources */,
				D9C5E452141F427E007A38B3 /* fw.icns in Resources */,
				D9C5E458141F467B007A38B3 /* FeedSettingsWindow.xib in Resources */,
				D9CF2B64141F576B0014B36A /* atom-feed.png in Resources */,
				D9CF2B66141F57760014B36A /* rss-feed.png in Resources */,
				D99537F5141F71C100E2477E /* EntrySettingsWindow.xib in Resources */,
				D98512481420E8F80040103D /* Localizable.strings in Resources */,
				D9CF60A4142387350011419E /* PreferencesWindow.xib in Resources */,
				D99C5E6D1427617B00E53074 /* rss-preferences.png in Resources */,
			);
			runOnlyForDeploymentPostprocessing = 0;
		};
/* End PBXResourcesBuildPhase section */

/* Begin PBXShellScriptBuildPhase section */
		D9A9FA17141A01540096951F /* Load bundle version from git */ = {
			isa = PBXShellScriptBuildPhase;
			buildActionMask = 2147483647;
			files = (
			);
			inputPaths = (
			);
			name = "Load bundle version from git";
			outputPaths = (
			);
			runOnlyForDeploymentPostprocessing = 0;
			shellPath = /bin/sh;
			shellScript = "REV=`git log --pretty=format:'' | wc -l | sed 's/\\ //g'`\n/usr/libexec/PlistBuddy -c \"Set :CFBundleVersion $REV\" \"${TARGET_BUILD_DIR}/${INFOPLIST_PATH}\"";
		};
/* End PBXShellScriptBuildPhase section */

/* Begin PBXSourcesBuildPhase section */
		D9C03CBB140E6E4700B828EB /* Sources */ = {
			isa = PBXSourcesBuildPhase;
			buildActionMask = 2147483647;
			files = (
				D9C03CD0140E6E4700B828EB /* main.m in Sources */,
				D9C03CD7140E6E4700B828EB /* AppDelegate.m in Sources */,
				D9C03CDD140E6E4700B828EB /* FeedWizard.xcdatamodeld in Sources */,
				D9C03CEA140E71C700B828EB /* MainWindowController.m in Sources */,
				D99BE4AD140FB1E40016120F /* PXSourceList.m in Sources */,
				D99BE4B0140FB21E0016120F /* SourceListItem.m in Sources */,
				D99BE4B7140FB3C10016120F /* MainWindowController-PXSourceListDataSource.m in Sources */,
				D99BE4B8140FB3C10016120F /* MainWindowController-PXSourceListDelegate.m in Sources */,
				D99BE4BB140FB6570016120F /* SheetWindowController.m in Sources */,
				D99BE4BF140FB7C00016120F /* GoogleReader.m in Sources */,
				D99BE4CE140FBF080016120F /* LoginWindowController.m in Sources */,
				D99BE4D4140FCFA70016120F /* Storage.m in Sources */,
				D983738A14174DEC00321CA9 /* FeedController.m in Sources */,
				D983738E1417519500321CA9 /* StuffSourceListItem.m in Sources */,
				D98373911417567100321CA9 /* FeedsSourceListItem.m in Sources */,
				D98373941417578600321CA9 /* FeedSourceListItem.m in Sources */,
				D983739A14178D3700321CA9 /* MainWindowController-NSTableViewDelegate.m in Sources */,
				D983739D14178F1300321CA9 /* NSArray+Extensions.m in Sources */,
				D9457A971418C65A008D59B9 /* MainWindowController-PSClientDelegate.m in Sources */,
				D9457A9A1418CC72008D59B9 /* AllSourceListItem.m in Sources */,
				D9457A9D1418DCBD008D59B9 /* Entry.m in Sources */,
				D9A9FA32141A030D0096951F /* SubscribeWindowController.m in Sources */,
				D95547AD141DEAE600623802 /* AMButtonBar.m in Sources */,
				D95547AE141DEAE600623802 /* AMButtonBarCell.m in Sources */,
				D95547AF141DEAE600623802 /* AMButtonBarItem.m in Sources */,
				D95547B1141DEAE600623802 /* NSBezierPath_AMAdditons.m in Sources */,
				D95547B2141DEAE600623802 /* NSColor_AMAdditions.m in Sources */,
				D95547B3141DEAE600623802 /* NSFont_AMFixes.m in Sources */,
				D95547B4141DEAE600623802 /* NSGradient_AMButtonBar.m in Sources */,
				D95547B5141DEAE600623802 /* NSShadow_AMAdditions.m in Sources */,
				D95547BB141DEE4100623802 /* MainWindowController-AMButtonBarDelegate.m in Sources */,
				D95547C0141E022C00623802 /* StarredSourceListItem.m in Sources */,
				D95547C3141E337E00623802 /* NSImage+Extensions.m in Sources */,
				D9C5E455141F4665007A38B3 /* FeedSettingsWindowController.m in Sources */,
				D99537EE141F68AB00E2477E /* TagsSourceListItem.m in Sources */,
				D99537F2141F71A700E2477E /* EntrySettingsWindowController.m in Sources */,
				D99537F8141F764D00E2477E /* EntryTableView.m in Sources */,
				D995381A141F88AA00E2477E /* MainWindowController-NSSplitViewDelegate.m in Sources */,
				D9B191E91420803500B84B89 /* OPMLParser.m in Sources */,
				D985123F1420E19F0040103D /* NotifyController.m in Sources */,
				D98CE77514235EE4007DEABE /* NSAlert+Extensions.m in Sources */,
				D9CF60A1142387120011419E /* PreferencesWindowController.m in Sources */,
			);
			runOnlyForDeploymentPostprocessing = 0;
		};
/* End PBXSourcesBuildPhase section */

/* Begin PBXVariantGroup section */
		D985124A1420E8F80040103D /* Localizable.strings */ = {
			isa = PBXVariantGroup;
			children = (
				D98512491420E8F80040103D /* en */,
				D985124D1420E9030040103D /* uk */,
			);
			name = Localizable.strings;
			sourceTree = "<group>";
		};
		D985124C1420E8FC0040103D /* SubscribeWindowController.h */ = {
			isa = PBXVariantGroup;
			children = (
				D985124B1420E8FC0040103D /* en */,
			);
			name = SubscribeWindowController.h;
			sourceTree = "<group>";
		};
		D99537F3141F71C100E2477E /* EntrySettingsWindow.xib */ = {
			isa = PBXVariantGroup;
			children = (
				D99537F4141F71C100E2477E /* en */,
				D98512411420E8870040103D /* uk */,
			);
			name = EntrySettingsWindow.xib;
			sourceTree = "<group>";
		};
		D99BE4CF140FC1910016120F /* LoginWindow.xib */ = {
			isa = PBXVariantGroup;
			children = (
				D99BE4D0140FC1910016120F /* en */,
				D98512441420E89A0040103D /* uk */,
			);
			name = LoginWindow.xib;
			sourceTree = "<group>";
		};
		D9A9FA33141A032E0096951F /* SubscribeWindow.xib */ = {
			isa = PBXVariantGroup;
			children = (
				D9A9FA34141A032E0096951F /* en */,
				D98512431420E8940040103D /* uk */,
			);
			name = SubscribeWindow.xib;
			sourceTree = "<group>";
		};
		D9C03CCC140E6E4700B828EB /* InfoPlist.strings */ = {
			isa = PBXVariantGroup;
			children = (
				D9C03CCD140E6E4700B828EB /* en */,
				D9CF60A6142388D90011419E /* uk */,
			);
			name = InfoPlist.strings;
			sourceTree = "<group>";
		};
		D9C03CD2140E6E4700B828EB /* Credits.rtf */ = {
			isa = PBXVariantGroup;
			children = (
				D9C03CD3140E6E4700B828EB /* en */,
				D985124E1420E9530040103D /* uk */,
			);
			name = Credits.rtf;
			sourceTree = "<group>";
		};
		D9C03CD8140E6E4700B828EB /* MainMenu.xib */ = {
			isa = PBXVariantGroup;
			children = (
				D9C03CD9140E6E4700B828EB /* en */,
				D98512451420E8A20040103D /* uk */,
			);
			name = MainMenu.xib;
			sourceTree = "<group>";
		};
		D9C03CEB140E729C00B828EB /* MainWindow.xib */ = {
			isa = PBXVariantGroup;
			children = (
				D9C03CEC140E729C00B828EB /* en */,
				D98512401420E85B0040103D /* uk */,
			);
			name = MainWindow.xib;
			sourceTree = "<group>";
		};
		D9C5E456141F467B007A38B3 /* FeedSettingsWindow.xib */ = {
			isa = PBXVariantGroup;
			children = (
				D9C5E457141F467B007A38B3 /* en */,
				D98512421420E88E0040103D /* uk */,
			);
			name = FeedSettingsWindow.xib;
			sourceTree = "<group>";
		};
		D9CF60A2142387350011419E /* PreferencesWindow.xib */ = {
			isa = PBXVariantGroup;
			children = (
				D9CF60A3142387350011419E /* en */,
				D9267C571429F15A004CC2E6 /* uk */,
			);
			name = PreferencesWindow.xib;
			sourceTree = "<group>";
		};
/* End PBXVariantGroup section */

/* Begin XCBuildConfiguration section */
		D9C03CDE140E6E4700B828EB /* Debug */ = {
			isa = XCBuildConfiguration;
			buildSettings = {
				ALWAYS_SEARCH_USER_PATHS = NO;
				ARCHS = "$(ARCHS_STANDARD_64_BIT)";
				COPY_PHASE_STRIP = NO;
				GCC_C_LANGUAGE_STANDARD = gnu99;
				GCC_DYNAMIC_NO_PIC = NO;
				GCC_ENABLE_OBJC_EXCEPTIONS = YES;
				GCC_OPTIMIZATION_LEVEL = 0;
				GCC_PREPROCESSOR_DEFINITIONS = (
					"DEBUG=1",
					"$(inherited)",
				);
				GCC_SYMBOLS_PRIVATE_EXTERN = NO;
				GCC_VERSION = com.apple.compilers.llvm.clang.1_0;
				GCC_WARN_64_TO_32_BIT_CONVERSION = YES;
				GCC_WARN_ABOUT_MISSING_PROTOTYPES = YES;
				GCC_WARN_ABOUT_RETURN_TYPE = YES;
				GCC_WARN_UNUSED_VARIABLE = YES;
				MACOSX_DEPLOYMENT_TARGET = 10.7;
				ONLY_ACTIVE_ARCH = YES;
				SDKROOT = macosx;
			};
			name = Debug;
		};
		D9C03CDF140E6E4700B828EB /* Release */ = {
			isa = XCBuildConfiguration;
			buildSettings = {
				ALWAYS_SEARCH_USER_PATHS = NO;
				ARCHS = "$(ARCHS_STANDARD_64_BIT)";
				COPY_PHASE_STRIP = YES;
				DEBUG_INFORMATION_FORMAT = "dwarf-with-dsym";
				GCC_C_LANGUAGE_STANDARD = gnu99;
				GCC_ENABLE_OBJC_EXCEPTIONS = YES;
				GCC_VERSION = com.apple.compilers.llvm.clang.1_0;
				GCC_WARN_64_TO_32_BIT_CONVERSION = YES;
				GCC_WARN_ABOUT_MISSING_PROTOTYPES = YES;
				GCC_WARN_ABOUT_RETURN_TYPE = YES;
				GCC_WARN_UNUSED_VARIABLE = YES;
				MACOSX_DEPLOYMENT_TARGET = 10.7;
				SDKROOT = macosx;
			};
			name = Release;
		};
		D9C03CE1140E6E4700B828EB /* Debug */ = {
			isa = XCBuildConfiguration;
			buildSettings = {
				FRAMEWORK_SEARCH_PATHS = (
					"$(inherited)",
					"\"$(SRCROOT)/../Growl 1.2.2 SDK/Frameworks\"",
				);
				GCC_ENABLE_OBJC_GC = supported;
				GCC_PRECOMPILE_PREFIX_HEADER = YES;
				GCC_PREFIX_HEADER = "FeedWizard/FeedWizard-Prefix.pch";
				INFOPLIST_FILE = "FeedWizard/FeedWizard-Info.plist";
				PRODUCT_NAME = "$(TARGET_NAME)";
				WRAPPER_EXTENSION = app;
			};
			name = Debug;
		};
		D9C03CE2140E6E4700B828EB /* Release */ = {
			isa = XCBuildConfiguration;
			buildSettings = {
				FRAMEWORK_SEARCH_PATHS = (
					"$(inherited)",
					"\"$(SRCROOT)/../Growl 1.2.2 SDK/Frameworks\"",
				);
				GCC_ENABLE_OBJC_GC = supported;
				GCC_PRECOMPILE_PREFIX_HEADER = YES;
				GCC_PREFIX_HEADER = "FeedWizard/FeedWizard-Prefix.pch";
				INFOPLIST_FILE = "FeedWizard/FeedWizard-Info.plist";
				PRODUCT_NAME = "$(TARGET_NAME)";
				WRAPPER_EXTENSION = app;
			};
			name = Release;
		};
/* End XCBuildConfiguration section */

/* Begin XCConfigurationList section */
		D9C03CB9140E6E4600B828EB /* Build configuration list for PBXProject "FeedWizard" */ = {
			isa = XCConfigurationList;
			buildConfigurations = (
				D9C03CDE140E6E4700B828EB /* Debug */,
				D9C03CDF140E6E4700B828EB /* Release */,
			);
			defaultConfigurationIsVisible = 0;
			defaultConfigurationName = Release;
		};
		D9C03CE0140E6E4700B828EB /* Build configuration list for PBXNativeTarget "FeedWizard" */ = {
			isa = XCConfigurationList;
			buildConfigurations = (
				D9C03CE1140E6E4700B828EB /* Debug */,
				D9C03CE2140E6E4700B828EB /* Release */,
			);
			defaultConfigurationIsVisible = 0;
			defaultConfigurationName = Release;
		};
/* End XCConfigurationList section */

/* Begin XCVersionGroup section */
		D9C03CDB140E6E4700B828EB /* FeedWizard.xcdatamodeld */ = {
			isa = XCVersionGroup;
			children = (
				D9C03CDC140E6E4700B828EB /* FeedWizard.xcdatamodel */,
			);
			currentVersion = D9C03CDC140E6E4700B828EB /* FeedWizard.xcdatamodel */;
			path = FeedWizard.xcdatamodeld;
			sourceTree = "<group>";
			versionGroupType = wrapper.xcdatamodel;
		};
/* End XCVersionGroup section */
	};
	rootObject = D9C03CB6140E6E4600B828EB /* Project object */;
}
